
Microsoft Visual Studio Solution File, Format Version 12.00
# Visual Studio Version 17
VisualStudioVersion = 17.12.35527.113
MinimumVisualStudioVersion = 10.0.40219.1
Project("{FAE04EC0-301F-11D3-BF4B-00C04F79EFBC}") = "IOT_Connection", "IOT_Connection\IOT_Connection.csproj", "{4E4BAF6A-A7B3-486E-ADF3-FA475482A691}"
EndProject
Project("{2150E333-8FDC-42A3-9474-1A3956D46DE8}") = "Doc", "Doc", "{4D21AFFF-AD48-4719-859F-C448147AB938}"
	ProjectSection(SolutionItems) = preProject
		ReadMe.txt = ReadMe.txt
	EndProjectSection
EndProject
Project("{2150E333-8FDC-42A3-9474-1A3956D46DE8}") = "Src", "Src", "{6028E5B7-6E3B-4C91-BF29-BA55AAE84CA3}"
EndProject
Project("{2150E333-8FDC-42A3-9474-1A3956D46DE8}") = "Test", "Test", "{AD8068BD-BBCE-4A55-ACCC-A50FD1AB5B47}"
EndProject
Global
	GlobalSection(SolutionConfigurationPlatforms) = preSolution
		Debug|Any CPU = Debug|Any CPU
		Release|Any CPU = Release|Any CPU
	EndGlobalSection
	GlobalSection(ProjectConfigurationPlatforms) = postSolution
		{4E4BAF6A-A7B3-486E-ADF3-FA475482A691}.Debug|Any CPU.ActiveCfg = Debug|Any CPU
		{4E4BAF6A-A7B3-486E-ADF3-FA475482A691}.Debug|Any CPU.Build.0 = Debug|Any CPU
		{4E4BAF6A-A7B3-486E-ADF3-FA475482A691}.Release|Any CPU.ActiveCfg = Release|Any CPU
		{4E4BAF6A-A7B3-486E-ADF3-FA475482A691}.Release|Any CPU.Build.0 = Release|Any CPU
	EndGlobalSection
	GlobalSection(SolutionProperties) = preSolution
		HideSolutionNode = FALSE
	EndGlobalSection
	GlobalSection(NestedProjects) = preSolution
		{4E4BAF6A-A7B3-486E-ADF3-FA475482A691} = {6028E5B7-6E3B-4C91-BF29-BA55AAE84CA3}
	EndGlobalSection
EndGlobal
